// !$*UTF8*$!
{
	archiveVersion = 1;
	classes = {
	};
	objectVersion = 46;
	objects = {

/* Begin PBXBuildFile section */
		4B4BF41F1A5BB90000B0BEFF /* main.m in Sources */ = {isa = PBXBuildFile; fileRef = 4B4BF41E1A5BB90000B0BEFF /* main.m */; };
		4B4BF4221A5BB90000B0BEFF /* AppDelegate.m in Sources */ = {isa = PBXBuildFile; fileRef = 4B4BF4211A5BB90000B0BEFF /* AppDelegate.m */; };
		4B4BF4251A5BB90000B0BEFF /* navigationAnimation.xcdatamodeld in Sources */ = {isa = PBXBuildFile; fileRef = 4B4BF4231A5BB90000B0BEFF /* navigationAnimation.xcdatamodeld */; };
		4B4BF4281A5BB90000B0BEFF /* ViewController.m in Sources */ = {isa = PBXBuildFile; fileRef = 4B4BF4271A5BB90000B0BEFF /* ViewController.m */; };
		4B4BF42B1A5BB90000B0BEFF /* Main.storyboard in Resources */ = {isa = PBXBuildFile; fileRef = 4B4BF4291A5BB90000B0BEFF /* Main.storyboard */; };
		4B4BF42D1A5BB90000B0BEFF /* Images.xcassets in Resources */ = {isa = PBXBuildFile; fileRef = 4B4BF42C1A5BB90000B0BEFF /* Images.xcassets */; };
		4B4BF4301A5BB90000B0BEFF /* LaunchScreen.xib in Resources */ = {isa = PBXBuildFile; fileRef = 4B4BF42E1A5BB90000B0BEFF /* LaunchScreen.xib */; };
		4B4BF43C1A5BB90000B0BEFF /* navigationAnimationTests.m in Sources */ = {isa = PBXBuildFile; fileRef = 4B4BF43B1A5BB90000B0BEFF /* navigationAnimationTests.m */; };
		4B4BF4471A5BB96E00B0BEFF /* CAINavigationDelegate.m in Sources */ = {isa = PBXBuildFile; fileRef = 4B4BF4461A5BB96E00B0BEFF /* CAINavigationDelegate.m */; };
		4B4BF44A1A5BBA5500B0BEFF /* CAIPopAnimation.m in Sources */ = {isa = PBXBuildFile; fileRef = 4B4BF4491A5BBA5500B0BEFF /* CAIPopAnimation.m */; };
		4B4BF44D1A5BBA7200B0BEFF /* CAIPushAnimation.m in Sources */ = {isa = PBXBuildFile; fileRef = 4B4BF44C1A5BBA7200B0BEFF /* CAIPushAnimation.m */; };
		4B4BF4501A5BBF3600B0BEFF /* CAIPopInteractive.m in Sources */ = {isa = PBXBuildFile; fileRef = 4B4BF44F1A5BBF3600B0BEFF /* CAIPopInteractive.m */; };
/* End PBXBuildFile section */

/* Begin PBXContainerItemProxy section */
		4B4BF4361A5BB90000B0BEFF /* PBXContainerItemProxy */ = {
			isa = PBXContainerItemProxy;
			containerPortal = 4B4BF4111A5BB90000B0BEFF /* Project object */;
			proxyType = 1;
			remoteGlobalIDString = 4B4BF4181A5BB90000B0BEFF;
			remoteInfo = navigationAnimation;
		};
/* End PBXContainerItemProxy section */

/* Begin PBXFileReference section */
		4B4BF4191A5BB90000B0BEFF /* navigationAnimation.app */ = {isa = PBXFileReference; explicitFileType = wrapper.application; includeInIndex = 0; path = navigationAnimation.app; sourceTree = BUILT_PRODUCTS_DIR; };
		4B4BF41D1A5BB90000B0BEFF /* Info.plist */ = {isa = PBXFileReference; lastKnownFileType = text.plist.xml; path = Info.plist; sourceTree = "<group>"; };
		4B4BF41E1A5BB90000B0BEFF /* main.m */ = {isa = PBXFileReference; lastKnownFileType = sourcecode.c.objc; path = main.m; sourceTree = "<group>"; };
		4B4BF4201A5BB90000B0BEFF /* AppDelegate.h */ = {isa = PBXFileReference; lastKnownFileType = sourcecode.c.h; path = AppDelegate.h; sourceTree = "<group>"; };
		4B4BF4211A5BB90000B0BEFF /* AppDelegate.m */ = {isa = PBXFileReference; lastKnownFileType = sourcecode.c.objc; path = AppDelegate.m; sourceTree = "<group>"; };
		4B4BF4241A5BB90000B0BEFF /* navigationAnimation.xcdatamodel */ = {isa = PBXFileReference; lastKnownFileType = wrapper.xcdatamodel; path = navigationAnimation.xcdatamodel; sourceTree = "<group>"; };
		4B4BF4261A5BB90000B0BEFF /* ViewController.h */ = {isa = PBXFileReference; lastKnownFileType = sourcecode.c.h; path = ViewController.h; sourceTree = "<group>"; };
		4B4BF4271A5BB90000B0BEFF /* ViewController.m */ = {isa = PBXFileReference; lastKnownFileType = sourcecode.c.objc; path = ViewController.m; sourceTree = "<group>"; };
		4B4BF42A1A5BB90000B0BEFF /* Base */ = {isa = PBXFileReference; lastKnownFileType = file.storyboard; name = Base; path = Base.lproj/Main.storyboard; sourceTree = "<group>"; };
		4B4BF42C1A5BB90000B0BEFF /* Images.xcassets */ = {isa = PBXFileReference; lastKnownFileType = folder.assetcatalog; path = Images.xcassets; sourceTree = "<group>"; };
		4B4BF42F1A5BB90000B0BEFF /* Base */ = {isa = PBXFileReference; lastKnownFileType = file.xib; name = Base; path = Base.lproj/LaunchScreen.xib; sourceTree = "<group>"; };
		4B4BF4351A5BB90000B0BEFF /* navigationAnimationTests.xctest */ = {isa = PBXFileReference; explicitFileType = wrapper.cfbundle; includeInIndex = 0; path = navigationAnimationTests.xctest; sourceTree = BUILT_PRODUCTS_DIR; };
		4B4BF43A1A5BB90000B0BEFF /* Info.plist */ = {isa = PBXFileReference; lastKnownFileType = text.plist.xml; path = Info.plist; sourceTree = "<group>"; };
		4B4BF43B1A5BB90000B0BEFF /* navigationAnimationTests.m */ = {isa = PBXFileReference; lastKnownFileType = sourcecode.c.objc; path = navigationAnimationTests.m; sourceTree = "<group>"; };
		4B4BF4451A5BB96E00B0BEFF /* CAINavigationDelegate.h */ = {isa = PBXFileReference; fileEncoding = 4; lastKnownFileType = sourcecode.c.h; path = CAINavigationDelegate.h; sourceTree = "<group>"; };
		4B4BF4461A5BB96E00B0BEFF /* CAINavigationDelegate.m */ = {isa = PBXFileReference; fileEncoding = 4; lastKnownFileType = sourcecode.c.objc; path = CAINavigationDelegate.m; sourceTree = "<group>"; };
		4B4BF4481A5BBA5500B0BEFF /* CAIPopAnimation.h */ = {isa = PBXFileReference; fileEncoding = 4; lastKnownFileType = sourcecode.c.h; path = CAIPopAnimation.h; sourceTree = "<group>"; };
		4B4BF4491A5BBA5500B0BEFF /* CAIPopAnimation.m */ = {isa = PBXFileReference; fileEncoding = 4; lastKnownFileType = sourcecode.c.objc; path = CAIPopAnimation.m; sourceTree = "<group>"; };
		4B4BF44B1A5BBA7200B0BEFF /* CAIPushAnimation.h */ = {isa = PBXFileReference; fileEncoding = 4; lastKnownFileType = sourcecode.c.h; path = CAIPushAnimation.h; sourceTree = "<group>"; };
		4B4BF44C1A5BBA7200B0BEFF /* CAIPushAnimation.m */ = {isa = PBXFileReference; fileEncoding = 4; lastKnownFileType = sourcecode.c.objc; path = CAIPushAnimation.m; sourceTree = "<group>"; };
		4B4BF44E1A5BBF3600B0BEFF /* CAIPopInteractive.h */ = {isa = PBXFileReference; fileEncoding = 4; lastKnownFileType = sourcecode.c.h; path = CAIPopInteractive.h; sourceTree = "<group>"; };
		4B4BF44F1A5BBF3600B0BEFF /* CAIPopInteractive.m */ = {isa = PBXFileReference; fileEncoding = 4; lastKnownFileType = sourcecode.c.objc; path = CAIPopInteractive.m; sourceTree = "<group>"; };
/* End PBXFileReference section */

/* Begin PBXFrameworksBuildPhase section */
		4B4BF4161A5BB90000B0BEFF /* Frameworks */ = {
			isa = PBXFrameworksBuildPhase;
			buildActionMask = 2147483647;
			files = (
			);
			runOnlyForDeploymentPostprocessing = 0;
		};
		4B4BF4321A5BB90000B0BEFF /* Frameworks */ = {
			isa = PBXFrameworksBuildPhase;
			buildActionMask = 2147483647;
			files = (
			);
			runOnlyForDeploymentPostprocessing = 0;
		};
/* End PBXFrameworksBuildPhase section */

/* Begin PBXGroup section */
		4B4BF4101A5BB90000B0BEFF = {
			isa = PBXGroup;
			children = (
				4B4BF41B1A5BB90000B0BEFF /* navigationAnimation */,
				4B4BF4381A5BB90000B0BEFF /* navigationAnimationTests */,
				4B4BF41A1A5BB90000B0BEFF /* Products */,
			);
			sourceTree = "<group>";
		};
		4B4BF41A1A5BB90000B0BEFF /* Products */ = {
			isa = PBXGroup;
			children = (
				4B4BF4191A5BB90000B0BEFF /* navigationAnimation.app */,
				4B4BF4351A5BB90000B0BEFF /* navigationAnimationTests.xctest */,
			);
			name = Products;
			sourceTree = "<group>";
		};
		4B4BF41B1A5BB90000B0BEFF /* navigationAnimation */ = {
			isa = PBXGroup;
			children = (
				4B4BF4201A5BB90000B0BEFF /* AppDelegate.h */,
				4B4BF4211A5BB90000B0BEFF /* AppDelegate.m */,
				4B4BF4261A5BB90000B0BEFF /* ViewController.h */,
				4B4BF4271A5BB90000B0BEFF /* ViewController.m */,
				4B4BF4291A5BB90000B0BEFF /* Main.storyboard */,
				4B4BF42C1A5BB90000B0BEFF /* Images.xcassets */,
				4B4BF42E1A5BB90000B0BEFF /* LaunchScreen.xib */,
				4B4BF4231A5BB90000B0BEFF /* navigationAnimation.xcdatamodeld */,
				4B4BF41C1A5BB90000B0BEFF /* Supporting Files */,
				4B4BF4451A5BB96E00B0BEFF /* CAINavigationDelegate.h */,
				4B4BF4461A5BB96E00B0BEFF /* CAINavigationDelegate.m */,
				4B4BF4481A5BBA5500B0BEFF /* CAIPopAnimation.h */,
				4B4BF4491A5BBA5500B0BEFF /* CAIPopAnimation.m */,
				4B4BF44B1A5BBA7200B0BEFF /* CAIPushAnimation.h */,
				4B4BF44C1A5BBA7200B0BEFF /* CAIPushAnimation.m */,
				4B4BF44E1A5BBF3600B0BEFF /* CAIPopInteractive.h */,
				4B4BF44F1A5BBF3600B0BEFF /* CAIPopInteractive.m */,
			);
			path = navigationAnimation;
			sourceTree = "<group>";
		};
		4B4BF41C1A5BB90000B0BEFF /* Supporting Files */ = {
			isa = PBXGroup;
			children = (
				4B4BF41D1A5BB90000B0BEFF /* Info.plist */,
				4B4BF41E1A5BB90000B0BEFF /* main.m */,
			);
			name = "Supporting Files";
			sourceTree = "<group>";
		};
		4B4BF4381A5BB90000B0BEFF /* navigationAnimationTests */ = {
			isa = PBXGroup;
			children = (
				4B4BF43B1A5BB90000B0BEFF /* navigationAnimationTests.m */,
				4B4BF4391A5BB90000B0BEFF /* Supporting Files */,
			);
			path = navigationAnimationTests;
			sourceTree = "<group>";
		};
		4B4BF4391A5BB90000B0BEFF /* Supporting Files */ = {
			isa = PBXGroup;
			children = (
				4B4BF43A1A5BB90000B0BEFF /* Info.plist */,
			);
			name = "Supporting Files";
			sourceTree = "<group>";
		};
/* End PBXGroup section */

/* Begin PBXNativeTarget section */
		4B4BF4181A5BB90000B0BEFF /* navigationAnimation */ = {
			isa = PBXNativeTarget;
			buildConfigurationList = 4B4BF43F1A5BB90100B0BEFF /* Build configuration list for PBXNativeTarget "navigationAnimation" */;
			buildPhases = (
				4B4BF4151A5BB90000B0BEFF /* Sources */,
				4B4BF4161A5BB90000B0BEFF /* Frameworks */,
				4B4BF4171A5BB90000B0BEFF /* Resources */,
			);
			buildRules = (
			);
			dependencies = (
			);
			name = navigationAnimation;
			productName = navigationAnimation;
			productReference = 4B4BF4191A5BB90000B0BEFF /* navigationAnimation.app */;
			productType = "com.apple.product-type.application";
		};
		4B4BF4341A5BB90000B0BEFF /* navigationAnimationTests */ = {
			isa = PBXNativeTarget;
			buildConfigurationList = 4B4BF4421A5BB90100B0BEFF /* Build configuration list for PBXNativeTarget "navigationAnimationTests" */;
			buildPhases = (
				4B4BF4311A5BB90000B0BEFF /* Sources */,
				4B4BF4321A5BB90000B0BEFF /* Frameworks */,
				4B4BF4331A5BB90000B0BEFF /* Resources */,
			);
			buildRules = (
			);
			dependencies = (
				4B4BF4371A5BB90000B0BEFF /* PBXTargetDependency */,
			);
			name = navigationAnimationTests;
			productName = navigationAnimationTests;
			productReference = 4B4BF4351A5BB90000B0BEFF /* navigationAnimationTests.xctest */;
			productType = "com.apple.product-type.bundle.unit-test";
		};
/* End PBXNativeTarget section */

/* Begin PBXProject section */
		4B4BF4111A5BB90000B0BEFF /* Project object */ = {
			isa = PBXProject;
			attributes = {
				LastUpgradeCheck = 0610;
				ORGANIZATIONNAME = liyufeng;
				TargetAttributes = {
					4B4BF4181A5BB90000B0BEFF = {
						CreatedOnToolsVersion = 6.1.1;
					};
					4B4BF4341A5BB90000B0BEFF = {
						CreatedOnToolsVersion = 6.1.1;
						TestTargetID = 4B4BF4181A5BB90000B0BEFF;
					};
				};
			};
			buildConfigurationList = 4B4BF4141A5BB90000B0BEFF /* Build configuration list for PBXProject "navigationAnimation" */;
			compatibilityVersion = "Xcode 3.2";
			developmentRegion = English;
			hasScannedForEncodings = 0;
			knownRegions = (
				en,
				Base,
			);
			mainGroup = 4B4BF4101A5BB90000B0BEFF;
			productRefGroup = 4B4BF41A1A5BB90000B0BEFF /* Products */;
			projectDirPath = "";
			projectRoot = "";
			targets = (
				4B4BF4181A5BB90000B0BEFF /* navigationAnimation */,
				4B4BF4341A5BB90000B0BEFF /* navigationAnimationTests */,
			);
		};
/* End PBXProject section */

/* Begin PBXResourcesBuildPhase section */
		4B4BF4171A5BB90000B0BEFF /* Resources */ = {
			isa = PBXResourcesBuildPhase;
			buildActionMask = 2147483647;
			files = (
				4B4BF42B1A5BB90000B0BEFF /* Main.storyboard in Resources */,
				4B4BF4301A5BB90000B0BEFF /* LaunchScreen.xib in Resources */,
				4B4BF42D1A5BB90000B0BEFF /* Images.xcassets in Resources */,
			);
			runOnlyForDeploymentPostprocessing = 0;
		};
		4B4BF4331A5BB90000B0BEFF /* Resources */ = {
			isa = PBXResourcesBuildPhase;
			buildActionMask = 2147483647;
			files = (
			);
			runOnlyForDeploymentPostprocessing = 0;
		};
/* End PBXResourcesBuildPhase section */

/* Begin PBXSourcesBuildPhase section */
		4B4BF4151A5BB90000B0BEFF /* Sources */ = {
			isa = PBXSourcesBuildPhase;
			buildActionMask = 2147483647;
			files = (
				4B4BF4501A5BBF3600B0BEFF /* CAIPopInteractive.m in Sources */,
				4B4BF44A1A5BBA5500B0BEFF /* CAIPopAnimation.m in Sources */,
				4B4BF4221A5BB90000B0BEFF /* AppDelegate.m in Sources */,
				4B4BF41F1A5BB90000B0BEFF /* main.m in Sources */,
				4B4BF4281A5BB90000B0BEFF /* ViewController.m in Sources */,
				4B4BF44D1A5BBA7200B0BEFF /* CAIPushAnimation.m in Sources */,
				4B4BF4251A5BB90000B0BEFF /* navigationAnimation.xcdatamodeld in Sources */,
				4B4BF4471A5BB96E00B0BEFF /* CAINavigationDelegate.m in Sources */,
			);
			runOnlyForDeploymentPostprocessing = 0;
		};
		4B4BF4311A5BB90000B0BEFF /* Sources */ = {
			isa = PBXSourcesBuildPhase;
			buildActionMask = 2147483647;
			files = (
				4B4BF43C1A5BB90000B0BEFF /* navigationAnimationTests.m in Sources */,
			);
			runOnlyForDeploymentPostprocessing = 0;
		};
/* End PBXSourcesBuildPhase section */

/* Begin PBXTargetDependency section */
		4B4BF4371A5BB90000B0BEFF /* PBXTargetDependency */ = {
			isa = PBXTargetDependency;
			target = 4B4BF4181A5BB90000B0BEFF /* navigationAnimation */;
			targetProxy = 4B4BF4361A5BB90000B0BEFF /* PBXContainerItemProxy */;
		};
/* End PBXTargetDependency section */

/* Begin PBXVariantGroup section */
		4B4BF4291A5BB90000B0BEFF /* Main.storyboard */ = {
			isa = PBXVariantGroup;
			children = (
				4B4BF42A1A5BB90000B0BEFF /* Base */,
			);
			name = Main.storyboard;
			sourceTree = "<group>";
		};
		4B4BF42E1A5BB90000B0BEFF /* LaunchScreen.xib */ = {
			isa = PBXVariantGroup;
			children = (
				4B4BF42F1A5BB90000B0BEFF /* Base */,
			);
			name = LaunchScreen.xib;
			sourceTree = "<group>";
		};
/* End PBXVariantGroup section */

/* Begin XCBuildConfiguration section */
		4B4BF43D1A5BB90100B0BEFF /* Debug */ = {
			isa = XCBuildConfiguration;
			buildSettings = {
				ALWAYS_SEARCH_USER_PATHS = NO;
				CLANG_CXX_LANGUAGE_STANDARD = "gnu++0x";
				CLANG_CXX_LIBRARY = "libc++";
				CLANG_ENABLE_MODULES = YES;
				CLANG_ENABLE_OBJC_ARC = YES;
				CLANG_WARN_BOOL_CONVERSION = YES;
				CLANG_WARN_CONSTANT_CONVERSION = YES;
				CLANG_WARN_DIRECT_OBJC_ISA_USAGE = YES_ERROR;
				CLANG_WARN_EMPTY_BODY = YES;
				CLANG_WARN_ENUM_CONVERSION = YES;
				CLANG_WARN_INT_CONVERSION = YES;
				CLANG_WARN_OBJC_ROOT_CLASS = YES_ERROR;
				CLANG_WARN_UNREACHABLE_CODE = YES;
				CLANG_WARN__DUPLICATE_METHOD_MATCH = YES;
				"CODE_SIGN_IDENTITY[sdk=iphoneos*]" = "iPhone Developer";
				COPY_PHASE_STRIP = NO;
				ENABLE_STRICT_OBJC_MSGSEND = YES;
				GCC_C_LANGUAGE_STANDARD = gnu99;
				GCC_DYNAMIC_NO_PIC = NO;
				GCC_OPTIMIZATION_LEVEL = 0;
				GCC_PREPROCESSOR_DEFINITIONS = (
					"DEBUG=1",
					"$(inherited)",
				);
				GCC_SYMBOLS_PRIVATE_EXTERN = NO;
				GCC_WARN_64_TO_32_BIT_CONVERSION = YES;
				GCC_WARN_ABOUT_RETURN_TYPE = YES_ERROR;
				GCC_WARN_UNDECLARED_SELECTOR = YES;
				GCC_WARN_UNINITIALIZED_AUTOS = YES_AGGRESSIVE;
				GCC_WARN_UNUSED_FUNCTION = YES;
				GCC_WARN_UNUSED_VARIABLE = YES;
				IPHONEOS_DEPLOYMENT_TARGET = 8.1;
				MTL_ENABLE_DEBUG_INFO = YES;
				ONLY_ACTIVE_ARCH = YES;
				SDKROOT = iphoneos;
				TARGETED_DEVICE_FAMILY = "1,2";
			};
			name = Debug;
		};
		4B4BF43E1A5BB90100B0BEFF /* Release */ = {
			isa = XCBuildConfiguration;
			buildSettings = {
				ALWAYS_SEARCH_USER_PATHS = NO;
				CLANG_CXX_LANGUAGE_STANDARD = "gnu++0x";
				CLANG_CXX_LIBRARY = "libc++";
				CLANG_ENABLE_MODULES = YES;
				CLANG_ENABLE_OBJC_ARC = YES;
				CLANG_WARN_BOOL_CONVERSION = YES;
				CLANG_WARN_CONSTANT_CONVERSION = YES;
				CLANG_WARN_DIRECT_OBJC_ISA_USAGE = YES_ERROR;
				CLANG_WARN_EMPTY_BODY = YES;
				CLANG_WARN_ENUM_CONVERSION = YES;
				CLANG_WARN_INT_CONVERSION = YES;
				CLANG_WARN_OBJC_ROOT_CLASS = YES_ERROR;
				CLANG_WARN_UNREACHABLE_CODE = YES;
				CLANG_WARN__DUPLICATE_METHOD_MATCH = YES;
				"CODE_SIGN_IDENTITY[sdk=iphoneos*]" = "iPhone Developer";
				COPY_PHASE_STRIP = YES;
				ENABLE_NS_ASSERTIONS = NO;
				ENABLE_STRICT_OBJC_MSGSEND = YES;
				GCC_C_LANGUAGE_STANDARD = gnu99;
				GCC_WARN_64_TO_32_BIT_CONVERSION = YES;
				GCC_WARN_ABOUT_RETURN_TYPE = YES_ERROR;
				GCC_WARN_UNDECLARED_SELECTOR = YES;
				GCC_WARN_UNINITIALIZED_AUTOS = YES_AGGRESSIVE;
				GCC_WARN_UNUSED_FUNCTION = YES;
				GCC_WARN_UNUSED_VARIABLE = YES;
				IPHONEOS_DEPLOYMENT_TARGET = 8.1;
				MTL_ENABLE_DEBUG_INFO = NO;
				SDKROOT = iphoneos;
				TARGETED_DEVICE_FAMILY = "1,2";
				VALIDATE_PRODUCT = YES;
			};
			name = Release;
		};
		4B4BF4401A5BB90100B0BEFF /* Debug */ = {
			isa = XCBuildConfiguration;
			buildSettings = {
				ASSETCATALOG_COMPILER_APPICON_NAME = AppIcon;
				INFOPLIST_FILE = navigationAnimation/Info.plist;
				LD_RUNPATH_SEARCH_PATHS = "$(inherited) @executable_path/Frameworks";
				PRODUCT_NAME = "$(TARGET_NAME)";
			};
			name = Debug;
		};
		4B4BF4411A5BB90100B0BEFF /* Release */ = {
			isa = XCBuildConfiguration;
			buildSettings = {
				ASSETCATALOG_COMPILER_APPICON_NAME = AppIcon;
				INFOPLIST_FILE = navigationAnimation/Info.plist;
				LD_RUNPATH_SEARCH_PATHS = "$(inherited) @executable_path/Frameworks";
				PRODUCT_NAME = "$(TARGET_NAME)";
			};
			name = Release;
		};
		4B4BF4431A5BB90100B0BEFF /* Debug */ = {
			isa = XCBuildConfiguration;
			buildSettings = {
				BUNDLE_LOADER = "$(TEST_HOST)";
				FRAMEWORK_SEARCH_PATHS = (
					"$(SDKROOT)/Developer/Library/Frameworks",
					"$(inherited)",
				);
				GCC_PREPROCESSOR_DEFINITIONS = (
					"DEBUG=1",
					"$(inherited)",
				);
				INFOPLIST_FILE = navigationAnimationTests/Info.plist;
				LD_RUNPATH_SEARCH_PATHS = "$(inherited) @executable_path/Frameworks @loader_path/Frameworks";
				PRODUCT_NAME = "$(TARGET_NAME)";
				TEST_HOST = "$(BUILT_PRODUCTS_DIR)/navigationAnimation.app/navigationAnimation";
			};
			name = Debug;
		};
		4B4BF4441A5BB90100B0BEFF /* Release */ = {
			isa = XCBuildConfiguration;
			buildSettings = {
				BUNDLE_LOADER = "$(TEST_HOST)";
				FRAMEWORK_SEARCH_PATHS = (
					"$(SDKROOT)/Developer/Library/Frameworks",
					"$(inherited)",
				);
				INFOPLIST_FILE = navigationAnimationTests/Info.plist;
				LD_RUNPATH_SEARCH_PATHS = "$(inherited) @executable_path/Frameworks @loader_path/Frameworks";
				PRODUCT_NAME = "$(TARGET_NAME)";
				TEST_HOST = "$(BUILT_PRODUCTS_DIR)/navigationAnimation.app/navigationAnimation";
			};
			name = Release;
		};
/* End XCBuildConfiguration section */

/* Begin XCConfigurationList section */
		4B4BF4141A5BB90000B0BEFF /* Build configuration list for PBXProject "navigationAnimation" */ = {
			isa = XCConfigurationList;
			buildConfigurations = (
				4B4BF43D1A5BB90100B0BEFF /* Debug */,
				4B4BF43E1A5BB90100B0BEFF /* Release */,
			);
			defaultConfigurationIsVisible = 0;
			defaultConfigurationName = Release;
		};
		4B4BF43F1A5BB90100B0BEFF /* Build configuration list for PBXNativeTarget "navigationAnimation" */ = {
			isa = XCConfigurationList;
			buildConfigurations = (
				4B4BF4401A5BB90100B0BEFF /* Debug */,
				4B4BF4411A5BB90100B0BEFF /* Release */,
			);
			defaultConfigurationIsVisible = 0;
		};
		4B4BF4421A5BB90100B0BEFF /* Build configuration list for PBXNativeTarget "navigationAnimationTests" */ = {
			isa = XCConfigurationList;
			buildConfigurations = (
				4B4BF4431A5BB90100B0BEFF /* Debug */,
				4B4BF4441A5BB90100B0BEFF /* Release */,
			);
			defaultConfigurationIsVisible = 0;
		};
/* End XCConfigurationList section */

/* Begin XCVersionGroup section */
		4B4BF4231A5BB90000B0BEFF /* navigationAnimation.xcdatamodeld */ = {
			isa = XCVersionGroup;
			children = (
				4B4BF4241A5BB90000B0BEFF /* navigationAnimation.xcdatamodel */,
			);
			currentVersion = 4B4BF4241A5BB90000B0BEFF /* navigationAnimation.xcdatamodel */;
			path = navigationAnimation.xcdatamodeld;
			sourceTree = "<group>";
			versionGroupType = wrapper.xcdatamodel;
		};
/* End XCVersionGroup section */
	};
	rootObject = 4B4BF4111A5BB90000B0BEFF /* Project object */;
}
